Microsoft Visual Studio Solution File, Format Version 12.00
# Visual Studio Version 17
VisualStudioVersion = 17.5.2.0
MinimumVisualStudioVersion = 10.0.40219.1
Project("{2150E333-8FDC-42A3-9474-1A3956D46DE8}") = "NextCoders.Email", "NextCoders.Email", "{92C16971-5CE9-82EF-214B-09D85FA2B8A2}"
EndProject
Project("{FAE04EC0-301F-11D3-BF4B-00C04F79EFBC}") = "NextCoders.EmailAPI", "NextCoders.Email\NextCoders.EmailAPI.csproj", "{6BE0930C-C4A1-5950-E3C7-A8C18C8CC5F4}"
EndProject
Global
	GlobalSection(SolutionConfigurationPlatforms) = preSolution
		Debug|Any CPU = Debug|Any CPU
		Release|Any CPU = Release|Any CPU
	EndGlobalSection
	GlobalSection(ProjectConfigurationPlatforms) = postSolution
		{6BE0930C-C4A1-5950-E3C7-A8C18C8CC5F4}.Debug|Any CPU.ActiveCfg = Debug|Any CPU
		{6BE0930C-C4A1-5950-E3C7-A8C18C8CC5F4}.Debug|Any CPU.Build.0 = Debug|Any CPU
		{6BE0930C-C4A1-5950-E3C7-A8C18C8CC5F4}.Release|Any CPU.ActiveCfg = Release|Any CPU
		{6BE0930C-C4A1-5950-E3C7-A8C18C8CC5F4}.Release|Any CPU.Build.0 = Release|Any CPU
	EndGlobalSection
	GlobalSection(SolutionProperties) = preSolution
		HideSolutionNode = FALSE
	EndGlobalSection
	GlobalSection(NestedProjects) = preSolution
		{6BE0930C-C4A1-5950-E3C7-A8C18C8CC5F4} = {92C16971-5CE9-82EF-214B-09D85FA2B8A2}
	EndGlobalSection
	GlobalSection(ExtensibilityGlobals) = postSolution
		SolutionGuid = {91F582F0-E860-4690-9B54-0F6E17EE5FDF}
	EndGlobalSection
EndGlobal
